
Microsoft Visual Studio Solution File, Format Version 12.00
# Visual Studio Version 17
VisualStudioVersion = 17.3.32929.385
MinimumVisualStudioVersion = 10.0.40219.1
Project("{FAE04EC0-301F-11D3-BF4B-00C04F79EFBC}") = "XHTD_DEBUG", "XHTD_DEBUG\XHTD_DEBUG.csproj", "{C23B59C1-CC26-434A-B9A7-29856374F416}"
EndProject
Project("{FAE04EC0-301F-11D3-BF4B-00C04F79EFBC}") = "XHTD_SERVICES.Data", "XHTD_SERVICES.Data\XHTD_SERVICES.Data.csproj", "{EE357022-F104-42F0-BFBC-A5C4E9791300}"
EndProject
Project("{FAE04EC0-301F-11D3-BF4B-00C04F79EFBC}") = "XHTD_SERVICES_SYNC_ORDER", "XHTD_SERVICES_SYNC_ORDER\XHTD_SERVICES_SYNC_ORDER.csproj", "{65239E17-08CD-4427-85BD-FF7487654A74}"
EndProject
Project("{FAE04EC0-301F-11D3-BF4B-00C04F79EFBC}") = "XHTD_SERVICES_GATEWAY", "XHTD_SERVICES_GATEWAY\XHTD_SERVICES_GATEWAY.csproj", "{A155E121-CC6A-4A34-8808-D142454BB3DB}"
EndProject
Project("{FAE04EC0-301F-11D3-BF4B-00C04F79EFBC}") = "XHTD_SERVICES.Device", "XHTD_SERVICES.Device\XHTD_SERVICES.Device.csproj", "{8C1CCDC9-CB05-4CF4-97FA-317307D97978}"
EndProject
Project("{FAE04EC0-301F-11D3-BF4B-00C04F79EFBC}") = "XHTD_SERVICES.Helper", "XHTD_SERVICES.Helper\XHTD_SERVICES.Helper.csproj", "{420ACB5C-88A5-4D7F-ACA3-4ED455242E01}"
EndProject
Project("{FAE04EC0-301F-11D3-BF4B-00C04F79EFBC}") = "XHTD_SERVICES_QUEUE_TO_CALL", "XHTD_SERVICES_QUEUE_TO_CALL\XHTD_SERVICES_QUEUE_TO_CALL.csproj", "{1B4BB622-6C20-4F23-A6B1-32BD30BF886E}"
EndProject
Project("{FAE04EC0-301F-11D3-BF4B-00C04F79EFBC}") = "XHTD_SERVICES_CALL_IN_TROUGH", "XHTD_SERVICES_CALL_IN_TROUGH\XHTD_SERVICES_CALL_IN_TROUGH.csproj", "{E1BA9B59-31EB-4F3B-9261-BD843C9DF463}"
EndProject
Project("{FAE04EC0-301F-11D3-BF4B-00C04F79EFBC}") = "XHTD_SERVICES_REINDEX_TO_TROUGH", "XHTD_SERVICES_REINDEX_TO_TROUGH\XHTD_SERVICES_REINDEX_TO_TROUGH.csproj", "{D76DBE62-9C85-4FF0-94B8-8F423A032664}"
EndProject
Project("{FAE04EC0-301F-11D3-BF4B-00C04F79EFBC}") = "XHTD_SERVICES_TRAM481", "XHTD_SERVICES_TRAM481\XHTD_SERVICES_TRAM481.csproj", "{B0A53AA9-0377-42F1-A820-DA7D2A4DAB9D}"
EndProject
Project("{FAE04EC0-301F-11D3-BF4B-00C04F79EFBC}") = "XHTD_SERVICES_SYNC_TROUGH", "XHTD_SERVICES_SYNC_TROUGH\XHTD_SERVICES_SYNC_TROUGH.csproj", "{F38C9F64-DD4A-407E-AB13-6BF889484586}"
EndProject
Project("{FAE04EC0-301F-11D3-BF4B-00C04F79EFBC}") = "XHTD_SERVICES_LED", "XHTD_SERVICES_LED\XHTD_SERVICES_LED.csproj", "{3DED0D80-1B3B-468A-9944-A85EFE1D37E2}"
EndProject
Project("{FAE04EC0-301F-11D3-BF4B-00C04F79EFBC}") = "XHTD_SERVICES_XR_QUEUE_TO_CALL", "XHTD_SERVICES_XR_QUEUE_TO_CALL\XHTD_SERVICES_XR_QUEUE_TO_CALL.csproj", "{EB93B207-E24A-4C22-8396-07049F24D4D5}"
EndProject
Project("{FAE04EC0-301F-11D3-BF4B-00C04F79EFBC}") = "XHTD_SERVICES_TRAM951_2", "XHTD_SERVICES_TRAM951_2\XHTD_SERVICES_TRAM951_2.csproj", "{567A44F3-5D4D-474A-A14C-54FFC805F527}"
EndProject
Project("{FAE04EC0-301F-11D3-BF4B-00C04F79EFBC}") = "XHTD_SERVICES_TRAM951_1", "XHTD_SERVICES_TRAM951_1\XHTD_SERVICES_TRAM951_1.csproj", "{78CEBE67-C3A1-4F68-8271-C6D4F2F8A9D4}"
EndProject
Project("{FAE04EC0-301F-11D3-BF4B-00C04F79EFBC}") = "XHTD_SERVICES_PING", "XHTD_SERVICES_PING\XHTD_SERVICES_PING.csproj", "{0C2ED83E-EBB0-41C3-93E7-A91C9C3CECCB}"
EndProject
Global
	GlobalSection(SolutionConfigurationPlatforms) = preSolution
		Debug|Any CPU = Debug|Any CPU
		Release|Any CPU = Release|Any CPU
	EndGlobalSection
	GlobalSection(ProjectConfigurationPlatforms) = postSolution
		{C23B59C1-CC26-434A-B9A7-29856374F416}.Debug|Any CPU.ActiveCfg = Debug|Any CPU
		{C23B59C1-CC26-434A-B9A7-29856374F416}.Debug|Any CPU.Build.0 = Debug|Any CPU
		{C23B59C1-CC26-434A-B9A7-29856374F416}.Release|Any CPU.ActiveCfg = Release|Any CPU
		{C23B59C1-CC26-434A-B9A7-29856374F416}.Release|Any CPU.Build.0 = Release|Any CPU
		{EE357022-F104-42F0-BFBC-A5C4E9791300}.Debug|Any CPU.ActiveCfg = Debug|Any CPU
		{EE357022-F104-42F0-BFBC-A5C4E9791300}.Debug|Any CPU.Build.0 = Debug|Any CPU
		{EE357022-F104-42F0-BFBC-A5C4E9791300}.Release|Any CPU.ActiveCfg = Release|Any CPU
		{EE357022-F104-42F0-BFBC-A5C4E9791300}.Release|Any CPU.Build.0 = Release|Any CPU
		{65239E17-08CD-4427-85BD-FF7487654A74}.Debug|Any CPU.ActiveCfg = Debug|Any CPU
		{65239E17-08CD-4427-85BD-FF7487654A74}.Debug|Any CPU.Build.0 = Debug|Any CPU
		{65239E17-08CD-4427-85BD-FF7487654A74}.Release|Any CPU.ActiveCfg = Release|Any CPU
		{65239E17-08CD-4427-85BD-FF7487654A74}.Release|Any CPU.Build.0 = Release|Any CPU
		{A155E121-CC6A-4A34-8808-D142454BB3DB}.Debug|Any CPU.ActiveCfg = Debug|Any CPU
		{A155E121-CC6A-4A34-8808-D142454BB3DB}.Debug|Any CPU.Build.0 = Debug|Any CPU
		{A155E121-CC6A-4A34-8808-D142454BB3DB}.Release|Any CPU.ActiveCfg = Release|Any CPU
		{A155E121-CC6A-4A34-8808-D142454BB3DB}.Release|Any CPU.Build.0 = Release|Any CPU
		{8C1CCDC9-CB05-4CF4-97FA-317307D97978}.Debug|Any CPU.ActiveCfg = Debug|Any CPU
		{8C1CCDC9-CB05-4CF4-97FA-317307D97978}.Debug|Any CPU.Build.0 = Debug|Any CPU
		{8C1CCDC9-CB05-4CF4-97FA-317307D97978}.Release|Any CPU.ActiveCfg = Release|Any CPU
		{8C1CCDC9-CB05-4CF4-97FA-317307D97978}.Release|Any CPU.Build.0 = Release|Any CPU
		{420ACB5C-88A5-4D7F-ACA3-4ED455242E01}.Debug|Any CPU.ActiveCfg = Debug|Any CPU
		{420ACB5C-88A5-4D7F-ACA3-4ED455242E01}.Debug|Any CPU.Build.0 = Debug|Any CPU
		{420ACB5C-88A5-4D7F-ACA3-4ED455242E01}.Release|Any CPU.ActiveCfg = Release|Any CPU
		{420ACB5C-88A5-4D7F-ACA3-4ED455242E01}.Release|Any CPU.Build.0 = Release|Any CPU
		{1B4BB622-6C20-4F23-A6B1-32BD30BF886E}.Debug|Any CPU.ActiveCfg = Debug|Any CPU
		{1B4BB622-6C20-4F23-A6B1-32BD30BF886E}.Debug|Any CPU.Build.0 = Debug|Any CPU
		{1B4BB622-6C20-4F23-A6B1-32BD30BF886E}.Release|Any CPU.ActiveCfg = Release|Any CPU
		{1B4BB622-6C20-4F23-A6B1-32BD30BF886E}.Release|Any CPU.Build.0 = Release|Any CPU
		{E1BA9B59-31EB-4F3B-9261-BD843C9DF463}.Debug|Any CPU.ActiveCfg = Debug|Any CPU
		{E1BA9B59-31EB-4F3B-9261-BD843C9DF463}.Debug|Any CPU.Build.0 = Debug|Any CPU
		{E1BA9B59-31EB-4F3B-9261-BD843C9DF463}.Release|Any CPU.ActiveCfg = Release|Any CPU
		{E1BA9B59-31EB-4F3B-9261-BD843C9DF463}.Release|Any CPU.Build.0 = Release|Any CPU
		{D76DBE62-9C85-4FF0-94B8-8F423A032664}.Debug|Any CPU.ActiveCfg = Debug|Any CPU
		{D76DBE62-9C85-4FF0-94B8-8F423A032664}.Debug|Any CPU.Build.0 = Debug|Any CPU
		{D76DBE62-9C85-4FF0-94B8-8F423A032664}.Release|Any CPU.ActiveCfg = Release|Any CPU
		{D76DBE62-9C85-4FF0-94B8-8F423A032664}.Release|Any CPU.Build.0 = Release|Any CPU
		{B0A53AA9-0377-42F1-A820-DA7D2A4DAB9D}.Debug|Any CPU.ActiveCfg = Debug|Any CPU
		{B0A53AA9-0377-42F1-A820-DA7D2A4DAB9D}.Debug|Any CPU.Build.0 = Debug|Any CPU
		{B0A53AA9-0377-42F1-A820-DA7D2A4DAB9D}.Release|Any CPU.ActiveCfg = Release|Any CPU
		{B0A53AA9-0377-42F1-A820-DA7D2A4DAB9D}.Release|Any CPU.Build.0 = Release|Any CPU
		{F38C9F64-DD4A-407E-AB13-6BF889484586}.Debug|Any CPU.ActiveCfg = Debug|Any CPU
		{F38C9F64-DD4A-407E-AB13-6BF889484586}.Debug|Any CPU.Build.0 = Debug|Any CPU
		{F38C9F64-DD4A-407E-AB13-6BF889484586}.Release|Any CPU.ActiveCfg = Release|Any CPU
		{F38C9F64-DD4A-407E-AB13-6BF889484586}.Release|Any CPU.Build.0 = Release|Any CPU
		{3DED0D80-1B3B-468A-9944-A85EFE1D37E2}.Debug|Any CPU.ActiveCfg = Debug|Any CPU
		{3DED0D80-1B3B-468A-9944-A85EFE1D37E2}.Debug|Any CPU.Build.0 = Debug|Any CPU
		{3DED0D80-1B3B-468A-9944-A85EFE1D37E2}.Release|Any CPU.ActiveCfg = Release|Any CPU
		{3DED0D80-1B3B-468A-9944-A85EFE1D37E2}.Release|Any CPU.Build.0 = Release|Any CPU
		{EB93B207-E24A-4C22-8396-07049F24D4D5}.Debug|Any CPU.ActiveCfg = Debug|Any CPU
		{EB93B207-E24A-4C22-8396-07049F24D4D5}.Debug|Any CPU.Build.0 = Debug|Any CPU
		{EB93B207-E24A-4C22-8396-07049F24D4D5}.Release|Any CPU.ActiveCfg = Release|Any CPU
		{EB93B207-E24A-4C22-8396-07049F24D4D5}.Release|Any CPU.Build.0 = Release|Any CPU
		{567A44F3-5D4D-474A-A14C-54FFC805F527}.Debug|Any CPU.ActiveCfg = Debug|Any CPU
		{567A44F3-5D4D-474A-A14C-54FFC805F527}.Debug|Any CPU.Build.0 = Debug|Any CPU
		{567A44F3-5D4D-474A-A14C-54FFC805F527}.Release|Any CPU.ActiveCfg = Release|Any CPU
		{567A44F3-5D4D-474A-A14C-54FFC805F527}.Release|Any CPU.Build.0 = Release|Any CPU
		{78CEBE67-C3A1-4F68-8271-C6D4F2F8A9D4}.Debug|Any CPU.ActiveCfg = Debug|Any CPU
		{78CEBE67-C3A1-4F68-8271-C6D4F2F8A9D4}.Debug|Any CPU.Build.0 = Debug|Any CPU
		{78CEBE67-C3A1-4F68-8271-C6D4F2F8A9D4}.Release|Any CPU.ActiveCfg = Release|Any CPU
		{78CEBE67-C3A1-4F68-8271-C6D4F2F8A9D4}.Release|Any CPU.Build.0 = Release|Any CPU
		{0C2ED83E-EBB0-41C3-93E7-A91C9C3CECCB}.Debug|Any CPU.ActiveCfg = Debug|Any CPU
		{0C2ED83E-EBB0-41C3-93E7-A91C9C3CECCB}.Debug|Any CPU.Build.0 = Debug|Any CPU
		{0C2ED83E-EBB0-41C3-93E7-A91C9C3CECCB}.Release|Any CPU.ActiveCfg = Release|Any CPU
		{0C2ED83E-EBB0-41C3-93E7-A91C9C3CECCB}.Release|Any CPU.Build.0 = Release|Any CPU
	EndGlobalSection
	GlobalSection(SolutionProperties) = preSolution
		HideSolutionNode = FALSE
	EndGlobalSection
	GlobalSection(ExtensibilityGlobals) = postSolution
		SolutionGuid = {AD88AECB-861B-4596-A62A-2F7B4278A37E}
	EndGlobalSection
EndGlobal
